
Microsoft Visual Studio Solution File, Format Version 10.00
# Visual Studio 2008
Project("{FAE04EC0-301F-11D3-BF4B-00C04F79EFBC}") = "Advanced_SSH_Client_Driver", "Advanced_SSH_Client_Driver.csproj", "{77B159E2-A693-4042-BF3C-645082AADE53}"
EndProject
Global
	GlobalSection(SolutionConfigurationPlatforms) = preSolution
		Debug|Any CPU = Debug|Any CPU
		Release|Any CPU = Release|Any CPU
	EndGlobalSection
	GlobalSection(ProjectConfigurationPlatforms) = postSolution
		{77B159E2-A693-4042-BF3C-645082AADE53}.Debug|Any CPU.ActiveCfg = Debug|Any CPU
		{77B159E2-A693-4042-BF3C-645082AADE53}.Debug|Any CPU.Build.0 = Debug|Any CPU
		{77B159E2-A693-4042-BF3C-645082AADE53}.Release|Any CPU.ActiveCfg = Release|Any CPU
		{77B159E2-A693-4042-BF3C-645082AADE53}.Release|Any CPU.Build.0 = Release|Any CPU
	EndGlobalSection
	GlobalSection(SolutionProperties) = preSolution
		HideSolutionNode = FALSE
	EndGlobalSection
EndGlobal
